
Microsoft Visual Studio Solution File, Format Version 12.00
# Visual Studio Version 16
VisualStudioVersion = 16.0.30204.135
MinimumVisualStudioVersion = 10.0.40219.1
Project("{888888A0-9F3D-457C-B088-3A5042F75D52}") = "BasicProject", "BasicProject\BasicProject.pyproj", "{1671F6AA-F82D-46F2-B26E-05BFB1F7D976}"
EndProject
Global
	GlobalSection(SolutionConfigurationPlatforms) = preSolution
		Debug|Any CPU = Debug|Any CPU
		Release|Any CPU = Release|Any CPU
	EndGlobalSection
	GlobalSection(ProjectConfigurationPlatforms) = postSolution
		{1671F6AA-F82D-46F2-B26E-05BFB1F7D976}.Debug|Any CPU.ActiveCfg = Debug|Any CPU
		{1671F6AA-F82D-46F2-B26E-05BFB1F7D976}.Debug|Any CPU.Build.0 = Debug|Any CPU
		{1671F6AA-F82D-46F2-B26E-05BFB1F7D976}.Release|Any CPU.ActiveCfg = Release|Any CPU
		{1671F6AA-F82D-46F2-B26E-05BFB1F7D976}.Release|Any CPU.Build.0 = Release|Any CPU
	EndGlobalSection
	GlobalSection(SolutionProperties) = preSolution
		HideSolutionNode = FALSE
	EndGlobalSection
	GlobalSection(ExtensibilityGlobals) = postSolution
		SolutionGuid = {CB57CC37-792B-4238-A84C-6EC76976B27F}
	EndGlobalSection
EndGlobal
